// !$*UTF8*$!
{
	archiveVersion = 1;
	classes = {
	};
	objectVersion = 50;
	objects = {

/* Begin PBXBuildFile section */
		9336E79A213AAFBB00A62070 /* CreateAssignmentViewController.swift in Sources */ = {isa = PBXBuildFile; fileRef = 9336E799213AAFBB00A62070 /* CreateAssignmentViewController.swift */; };
		9336E79E213AB01900A62070 /* CreateAssignment.swift in Sources */ = {isa = PBXBuildFile; fileRef = 9336E79D213AB01900A62070 /* CreateAssignment.swift */; };
		9336E7B3213AB58600A62070 /* LoginRequest.swift in Sources */ = {isa = PBXBuildFile; fileRef = 9336E7B0213AB58600A62070 /* LoginRequest.swift */; };
		9336E7B4213AB58600A62070 /* CreateLoginRequest.swift in Sources */ = {isa = PBXBuildFile; fileRef = 9336E7B1213AB58600A62070 /* CreateLoginRequest.swift */; };
		9336E7B5213AB58600A62070 /* LoginSuccess.swift in Sources */ = {isa = PBXBuildFile; fileRef = 9336E7B2213AB58600A62070 /* LoginSuccess.swift */; };
		9336E7B9213EA2FC00A62070 /* BaseListViewController.swift in Sources */ = {isa = PBXBuildFile; fileRef = 9336E7B8213EA2FC00A62070 /* BaseListViewController.swift */; };
		9336E7BD213EA32500A62070 /* Listable.swift in Sources */ = {isa = PBXBuildFile; fileRef = 9336E7BC213EA32500A62070 /* Listable.swift */; };
		9336E7C1213EAA5400A62070 /* AssignmentViewResponder.swift in Sources */ = {isa = PBXBuildFile; fileRef = 9336E7C0213EAA5400A62070 /* AssignmentViewResponder.swift */; };
		9336E7CC21427BA000A62070 /* ErrorAssignment.swift in Sources */ = {isa = PBXBuildFile; fileRef = 9336E7CB21427BA000A62070 /* ErrorAssignment.swift */; };
		9355B92A212ECF9300453262 /* TextViewFactory.swift in Sources */ = {isa = PBXBuildFile; fileRef = 9355B929212ECF9300453262 /* TextViewFactory.swift */; };
		9355B92D212ED20800453262 /* UIControlFactory.swift in Sources */ = {isa = PBXBuildFile; fileRef = 9355B92C212ED20800453262 /* UIControlFactory.swift */; };
		9355B931212EDB7800453262 /* CreateLogin.swift in Sources */ = {isa = PBXBuildFile; fileRef = 9355B930212EDB7800453262 /* CreateLogin.swift */; };
		9355B934212EDFE000453262 /* ShowOwnAssignment.swift in Sources */ = {isa = PBXBuildFile; fileRef = 9355B933212EDFE000453262 /* ShowOwnAssignment.swift */; };
		9355B938212EE1A600453262 /* ButtonClickedResponder.swift in Sources */ = {isa = PBXBuildFile; fileRef = 9355B937212EE1A600453262 /* ButtonClickedResponder.swift */; };
		936B7C822111B353009686F6 /* Helping.swift in Sources */ = {isa = PBXBuildFile; fileRef = 936B7C812111B353009686F6 /* Helping.swift */; };
		936B7C842111B369009686F6 /* Result.swift in Sources */ = {isa = PBXBuildFile; fileRef = 936B7C832111B369009686F6 /* Result.swift */; };
		936B7C872111B381009686F6 /* ServerError.swift in Sources */ = {isa = PBXBuildFile; fileRef = 936B7C862111B381009686F6 /* ServerError.swift */; };
		936B7C892111B3A1009686F6 /* NetworkError.swift in Sources */ = {isa = PBXBuildFile; fileRef = 936B7C882111B3A1009686F6 /* NetworkError.swift */; };
		936B7C8B2111B3B2009686F6 /* NetworkHandler.swift in Sources */ = {isa = PBXBuildFile; fileRef = 936B7C8A2111B3B2009686F6 /* NetworkHandler.swift */; };
		936CF08E210B640000B7F559 /* TypeAlias.swift in Sources */ = {isa = PBXBuildFile; fileRef = 936CF08D210B640000B7F559 /* TypeAlias.swift */; };
		9385788D2117769C00AF2106 /* ModelNetworkHandler.swift in Sources */ = {isa = PBXBuildFile; fileRef = 9385788C2117769C00AF2106 /* ModelNetworkHandler.swift */; };
		9387A5C9211D7F9E00830EDB /* NetworkHandlerAuth.swift in Sources */ = {isa = PBXBuildFile; fileRef = 9387A5C8211D7F9E00830EDB /* NetworkHandlerAuth.swift */; };
		9388632D21340E6C007D42F8 /* CreateLoginViewController.swift in Sources */ = {isa = PBXBuildFile; fileRef = 9388632C21340E6C007D42F8 /* CreateLoginViewController.swift */; };
		9388633221341F44007D42F8 /* AuthenticationViewResponder.swift in Sources */ = {isa = PBXBuildFile; fileRef = 9388633121341F44007D42F8 /* AuthenticationViewResponder.swift */; };
		93886335213420E2007D42F8 /* UIBarButtonItemActionable.swift in Sources */ = {isa = PBXBuildFile; fileRef = 93886334213420E2007D42F8 /* UIBarButtonItemActionable.swift */; };
		9388633821352992007D42F8 /* AssignmentListTableViewController.swift in Sources */ = {isa = PBXBuildFile; fileRef = 9388633721352992007D42F8 /* AssignmentListTableViewController.swift */; };
		93B95D01210DB6C5007E57E4 /* Location.swift in Sources */ = {isa = PBXBuildFile; fileRef = 93B95CFD210DB6C4007E57E4 /* Location.swift */; };
		93B95D03210DB6C5007E57E4 /* Review.swift in Sources */ = {isa = PBXBuildFile; fileRef = 93B95CFF210DB6C4007E57E4 /* Review.swift */; };
		93B95D04210DB6C5007E57E4 /* Assignment.swift in Sources */ = {isa = PBXBuildFile; fileRef = 93B95D00210DB6C5007E57E4 /* Assignment.swift */; };
		93E3E3D3212422A300B3419E /* ViewProvider.swift in Sources */ = {isa = PBXBuildFile; fileRef = 93E3E3D2212422A300B3419E /* ViewProvider.swift */; };
		93E3E3D5212422DD00B3419E /* AppContext.swift in Sources */ = {isa = PBXBuildFile; fileRef = 93E3E3D4212422DD00B3419E /* AppContext.swift */; };
		93E3E3D7212422FE00B3419E /* State.swift in Sources */ = {isa = PBXBuildFile; fileRef = 93E3E3D6212422FE00B3419E /* State.swift */; };
		93E3E3DC212427E300B3419E /* LoginViewController.swift in Sources */ = {isa = PBXBuildFile; fileRef = 93E3E3DB212427E300B3419E /* LoginViewController.swift */; };
		93E3E3DF21256F3A00B3419E /* Login.swift in Sources */ = {isa = PBXBuildFile; fileRef = 93E3E3DE21256F3A00B3419E /* Login.swift */; };
		93E3E3E9212573E200B3419E /* SnapKit.framework in Frameworks */ = {isa = PBXBuildFile; fileRef = 93E3E3E6212573D800B3419E /* SnapKit.framework */; };
		93E56495210DC46B003F6957 /* profile.png in Resources */ = {isa = PBXBuildFile; fileRef = 93E56494210DC46B003F6957 /* profile.png */; };
		93EE04362108A86400005E61 /* AppDelegate.swift in Sources */ = {isa = PBXBuildFile; fileRef = 93EE04352108A86400005E61 /* AppDelegate.swift */; };
		93EE04382108A86400005E61 /* ViewController.swift in Sources */ = {isa = PBXBuildFile; fileRef = 93EE04372108A86400005E61 /* ViewController.swift */; };
		93EE043B2108A86400005E61 /* Main.storyboard in Resources */ = {isa = PBXBuildFile; fileRef = 93EE04392108A86400005E61 /* Main.storyboard */; };
		93EE043D2108A86500005E61 /* Assets.xcassets in Resources */ = {isa = PBXBuildFile; fileRef = 93EE043C2108A86500005E61 /* Assets.xcassets */; };
		93EE04402108A86500005E61 /* LaunchScreen.storyboard in Resources */ = {isa = PBXBuildFile; fileRef = 93EE043E2108A86500005E61 /* LaunchScreen.storyboard */; };
		93EE06A7210B38F200005E61 /* CodableImage.swift in Sources */ = {isa = PBXBuildFile; fileRef = 93EE06A6210B38F200005E61 /* CodableImage.swift */; };
		93F2FF752147E6DB0091AB56 /* SnapKit.framework in Embed Frameworks */ = {isa = PBXBuildFile; fileRef = 93E3E3E6212573D800B3419E /* SnapKit.framework */; settings = {ATTRIBUTES = (CodeSignOnCopy, RemoveHeadersOnCopy, ); }; };
		93F2FF7B2147ECCA0091AB56 /* LocationHandler.swift in Sources */ = {isa = PBXBuildFile; fileRef = 93F2FF7A2147ECCA0091AB56 /* LocationHandler.swift */; };
		93F2FF7D2147F6120091AB56 /* DoAssignmentListTableViewController.swift in Sources */ = {isa = PBXBuildFile; fileRef = 93F2FF7C2147F6120091AB56 /* DoAssignmentListTableViewController.swift */; };
		93F2FF8221493A040091AB56 /* DoAssignment.swift in Sources */ = {isa = PBXBuildFile; fileRef = 93F2FF8121493A040091AB56 /* DoAssignment.swift */; };
		93F2FF8421493E010091AB56 /* BaseLocationViewController.swift in Sources */ = {isa = PBXBuildFile; fileRef = 93F2FF8321493E010091AB56 /* BaseLocationViewController.swift */; };
/* End PBXBuildFile section */

/* Begin PBXContainerItemProxy section */
		93E3E3E5212573D800B3419E /* PBXContainerItemProxy */ = {
			isa = PBXContainerItemProxy;
			containerPortal = 93E3E3E0212573D800B3419E /* SnapKit.xcodeproj */;
			proxyType = 2;
			remoteGlobalIDString = EEBCC9D819CC627D0083B827;
			remoteInfo = SnapKit;
		};
		93E3E3E7212573D800B3419E /* PBXContainerItemProxy */ = {
			isa = PBXContainerItemProxy;
			containerPortal = 93E3E3E0212573D800B3419E /* SnapKit.xcodeproj */;
			proxyType = 2;
			remoteGlobalIDString = EEBCC9E219CC627E0083B827;
			remoteInfo = "SnapKit Tests";
		};
		93F2FF762147E6DB0091AB56 /* PBXContainerItemProxy */ = {
			isa = PBXContainerItemProxy;
			containerPortal = 93E3E3E0212573D800B3419E /* SnapKit.xcodeproj */;
			proxyType = 1;
			remoteGlobalIDString = EEBCC9D719CC627D0083B827;
			remoteInfo = SnapKit;
		};
/* End PBXContainerItemProxy section */

/* Begin PBXCopyFilesBuildPhase section */
		93F2FF782147E6DB0091AB56 /* Embed Frameworks */ = {
			isa = PBXCopyFilesBuildPhase;
			buildActionMask = 2147483647;
			dstPath = "";
			dstSubfolderSpec = 10;
			files = (
				93F2FF752147E6DB0091AB56 /* SnapKit.framework in Embed Frameworks */,
			);
			name = "Embed Frameworks";
			runOnlyForDeploymentPostprocessing = 0;
		};
/* End PBXCopyFilesBuildPhase section */

/* Begin PBXFileReference section */
		9336E799213AAFBB00A62070 /* CreateAssignmentViewController.swift */ = {isa = PBXFileReference; lastKnownFileType = sourcecode.swift; path = CreateAssignmentViewController.swift; sourceTree = "<group>"; };
		9336E79D213AB01900A62070 /* CreateAssignment.swift */ = {isa = PBXFileReference; lastKnownFileType = sourcecode.swift; path = CreateAssignment.swift; sourceTree = "<group>"; };
		9336E7B0213AB58600A62070 /* LoginRequest.swift */ = {isa = PBXFileReference; fileEncoding = 4; lastKnownFileType = sourcecode.swift; name = LoginRequest.swift; path = VaporHelper/Sources/App/Models/Login/LoginRequest.swift; sourceTree = SOURCE_ROOT; };
		9336E7B1213AB58600A62070 /* CreateLoginRequest.swift */ = {isa = PBXFileReference; fileEncoding = 4; lastKnownFileType = sourcecode.swift; name = CreateLoginRequest.swift; path = VaporHelper/Sources/App/Models/Login/CreateLoginRequest.swift; sourceTree = SOURCE_ROOT; };
		9336E7B2213AB58600A62070 /* LoginSuccess.swift */ = {isa = PBXFileReference; fileEncoding = 4; lastKnownFileType = sourcecode.swift; name = LoginSuccess.swift; path = VaporHelper/Sources/App/Models/Login/LoginSuccess.swift; sourceTree = SOURCE_ROOT; };
		9336E7B8213EA2FC00A62070 /* BaseListViewController.swift */ = {isa = PBXFileReference; lastKnownFileType = sourcecode.swift; path = BaseListViewController.swift; sourceTree = "<group>"; };
		9336E7BC213EA32500A62070 /* Listable.swift */ = {isa = PBXFileReference; lastKnownFileType = sourcecode.swift; path = Listable.swift; sourceTree = "<group>"; };
		9336E7C0213EAA5400A62070 /* AssignmentViewResponder.swift */ = {isa = PBXFileReference; lastKnownFileType = sourcecode.swift; path = AssignmentViewResponder.swift; sourceTree = "<group>"; };
		9336E7CB21427BA000A62070 /* ErrorAssignment.swift */ = {isa = PBXFileReference; lastKnownFileType = sourcecode.swift; path = ErrorAssignment.swift; sourceTree = "<group>"; };
		9355B929212ECF9300453262 /* TextViewFactory.swift */ = {isa = PBXFileReference; lastKnownFileType = sourcecode.swift; path = TextViewFactory.swift; sourceTree = "<group>"; };
		9355B92C212ED20800453262 /* UIControlFactory.swift */ = {isa = PBXFileReference; lastKnownFileType = sourcecode.swift; path = UIControlFactory.swift; sourceTree = "<group>"; };
		9355B930212EDB7800453262 /* CreateLogin.swift */ = {isa = PBXFileReference; lastKnownFileType = sourcecode.swift; path = CreateLogin.swift; sourceTree = "<group>"; };
		9355B933212EDFE000453262 /* ShowOwnAssignment.swift */ = {isa = PBXFileReference; lastKnownFileType = sourcecode.swift; path = ShowOwnAssignment.swift; sourceTree = "<group>"; };
		9355B937212EE1A600453262 /* ButtonClickedResponder.swift */ = {isa = PBXFileReference; lastKnownFileType = sourcecode.swift; path = ButtonClickedResponder.swift; sourceTree = "<group>"; };
		936B7C812111B353009686F6 /* Helping.swift */ = {isa = PBXFileReference; fileEncoding = 4; lastKnownFileType = sourcecode.swift; name = Helping.swift; path = VaporHelper/Sources/App/Models/Helping.swift; sourceTree = SOURCE_ROOT; };
		936B7C832111B369009686F6 /* Result.swift */ = {isa = PBXFileReference; lastKnownFileType = sourcecode.swift; path = Result.swift; sourceTree = "<group>"; };
		936B7C862111B381009686F6 /* ServerError.swift */ = {isa = PBXFileReference; lastKnownFileType = sourcecode.swift; path = ServerError.swift; sourceTree = "<group>"; };
		936B7C882111B3A1009686F6 /* NetworkError.swift */ = {isa = PBXFileReference; lastKnownFileType = sourcecode.swift; path = NetworkError.swift; sourceTree = "<group>"; };
		936B7C8A2111B3B2009686F6 /* NetworkHandler.swift */ = {isa = PBXFileReference; lastKnownFileType = sourcecode.swift; path = NetworkHandler.swift; sourceTree = "<group>"; };
		936CF08D210B640000B7F559 /* TypeAlias.swift */ = {isa = PBXFileReference; lastKnownFileType = sourcecode.swift; path = TypeAlias.swift; sourceTree = "<group>"; };
		9385788C2117769C00AF2106 /* ModelNetworkHandler.swift */ = {isa = PBXFileReference; lastKnownFileType = sourcecode.swift; path = ModelNetworkHandler.swift; sourceTree = "<group>"; };
		9387A5C8211D7F9E00830EDB /* NetworkHandlerAuth.swift */ = {isa = PBXFileReference; lastKnownFileType = sourcecode.swift; path = NetworkHandlerAuth.swift; sourceTree = "<group>"; };
		9388632C21340E6C007D42F8 /* CreateLoginViewController.swift */ = {isa = PBXFileReference; lastKnownFileType = sourcecode.swift; path = CreateLoginViewController.swift; sourceTree = "<group>"; };
		9388633121341F44007D42F8 /* AuthenticationViewResponder.swift */ = {isa = PBXFileReference; lastKnownFileType = sourcecode.swift; path = AuthenticationViewResponder.swift; sourceTree = "<group>"; };
		93886334213420E2007D42F8 /* UIBarButtonItemActionable.swift */ = {isa = PBXFileReference; lastKnownFileType = sourcecode.swift; path = UIBarButtonItemActionable.swift; sourceTree = "<group>"; };
		9388633721352992007D42F8 /* AssignmentListTableViewController.swift */ = {isa = PBXFileReference; lastKnownFileType = sourcecode.swift; path = AssignmentListTableViewController.swift; sourceTree = "<group>"; };
		93B95CFD210DB6C4007E57E4 /* Location.swift */ = {isa = PBXFileReference; fileEncoding = 4; lastKnownFileType = sourcecode.swift; name = Location.swift; path = VaporHelper/Sources/App/Models/Location.swift; sourceTree = SOURCE_ROOT; };
		93B95CFF210DB6C4007E57E4 /* Review.swift */ = {isa = PBXFileReference; fileEncoding = 4; lastKnownFileType = sourcecode.swift; name = Review.swift; path = VaporHelper/Sources/App/Models/Review.swift; sourceTree = SOURCE_ROOT; };
		93B95D00210DB6C5007E57E4 /* Assignment.swift */ = {isa = PBXFileReference; fileEncoding = 4; lastKnownFileType = sourcecode.swift; name = Assignment.swift; path = VaporHelper/Sources/App/Models/Assignment.swift; sourceTree = SOURCE_ROOT; };
		93E3E3D2212422A300B3419E /* ViewProvider.swift */ = {isa = PBXFileReference; lastKnownFileType = sourcecode.swift; path = ViewProvider.swift; sourceTree = "<group>"; };
		93E3E3D4212422DD00B3419E /* AppContext.swift */ = {isa = PBXFileReference; lastKnownFileType = sourcecode.swift; path = AppContext.swift; sourceTree = "<group>"; };
		93E3E3D6212422FE00B3419E /* State.swift */ = {isa = PBXFileReference; lastKnownFileType = sourcecode.swift; path = State.swift; sourceTree = "<group>"; };
		93E3E3DB212427E300B3419E /* LoginViewController.swift */ = {isa = PBXFileReference; lastKnownFileType = sourcecode.swift; path = LoginViewController.swift; sourceTree = "<group>"; };
		93E3E3DE21256F3A00B3419E /* Login.swift */ = {isa = PBXFileReference; lastKnownFileType = sourcecode.swift; path = Login.swift; sourceTree = "<group>"; };
		93E3E3E0212573D800B3419E /* SnapKit.xcodeproj */ = {isa = PBXFileReference; lastKnownFileType = "wrapper.pb-project"; name = SnapKit.xcodeproj; path = Helper/SnapKit/SnapKit.xcodeproj; sourceTree = "<group>"; };
		93E56494210DC46B003F6957 /* profile.png */ = {isa = PBXFileReference; lastKnownFileType = image.png; path = profile.png; sourceTree = "<group>"; };
		93EE04322108A86400005E61 /* Helper.app */ = {isa = PBXFileReference; explicitFileType = wrapper.application; includeInIndex = 0; path = Helper.app; sourceTree = BUILT_PRODUCTS_DIR; };
		93EE04352108A86400005E61 /* AppDelegate.swift */ = {isa = PBXFileReference; lastKnownFileType = sourcecode.swift; path = AppDelegate.swift; sourceTree = "<group>"; };
		93EE04372108A86400005E61 /* ViewController.swift */ = {isa = PBXFileReference; lastKnownFileType = sourcecode.swift; path = ViewController.swift; sourceTree = "<group>"; };
		93EE043A2108A86400005E61 /* Base */ = {isa = PBXFileReference; lastKnownFileType = file.storyboard; name = Base; path = Base.lproj/Main.storyboard; sourceTree = "<group>"; };
		93EE043C2108A86500005E61 /* Assets.xcassets */ = {isa = PBXFileReference; lastKnownFileType = folder.assetcatalog; path = Assets.xcassets; sourceTree = "<group>"; };
		93EE043F2108A86500005E61 /* Base */ = {isa = PBXFileReference; lastKnownFileType = file.storyboard; name = Base; path = Base.lproj/LaunchScreen.storyboard; sourceTree = "<group>"; };
		93EE04412108A86500005E61 /* Info.plist */ = {isa = PBXFileReference; lastKnownFileType = text.plist.xml; path = Info.plist; sourceTree = "<group>"; };
		93EE06A6210B38F200005E61 /* CodableImage.swift */ = {isa = PBXFileReference; lastKnownFileType = sourcecode.swift; path = CodableImage.swift; sourceTree = "<group>"; };
		93F2FF7A2147ECCA0091AB56 /* LocationHandler.swift */ = {isa = PBXFileReference; lastKnownFileType = sourcecode.swift; path = LocationHandler.swift; sourceTree = "<group>"; };
		93F2FF7C2147F6120091AB56 /* DoAssignmentListTableViewController.swift */ = {isa = PBXFileReference; lastKnownFileType = sourcecode.swift; path = DoAssignmentListTableViewController.swift; sourceTree = "<group>"; };
		93F2FF8121493A040091AB56 /* DoAssignment.swift */ = {isa = PBXFileReference; lastKnownFileType = sourcecode.swift; path = DoAssignment.swift; sourceTree = "<group>"; };
		93F2FF8321493E010091AB56 /* BaseLocationViewController.swift */ = {isa = PBXFileReference; lastKnownFileType = sourcecode.swift; path = BaseLocationViewController.swift; sourceTree = "<group>"; };
/* End PBXFileReference section */

/* Begin PBXFrameworksBuildPhase section */
		93EE042F2108A86400005E61 /* Frameworks */ = {
			isa = PBXFrameworksBuildPhase;
			buildActionMask = 2147483647;
			files = (
				93E3E3E9212573E200B3419E /* SnapKit.framework in Frameworks */,
			);
			runOnlyForDeploymentPostprocessing = 0;
		};
/* End PBXFrameworksBuildPhase section */

/* Begin PBXGroup section */
		931728D9210F0D3C007F7F15 /* Network */ = {
			isa = PBXGroup;
			children = (
				936B7C8A2111B3B2009686F6 /* NetworkHandler.swift */,
				9387A5C8211D7F9E00830EDB /* NetworkHandlerAuth.swift */,
				936B7C832111B369009686F6 /* Result.swift */,
				936B7C862111B381009686F6 /* ServerError.swift */,
				936B7C882111B3A1009686F6 /* NetworkError.swift */,
			);
			path = Network;
			sourceTree = "<group>";
		};
		9322AFB2211B5A7D0014D068 /* Extensions */ = {
			isa = PBXGroup;
			children = (
			);
			path = Extensions;
			sourceTree = "<group>";
		};
		9336E79F213AB0E800A62070 /* Login */ = {
			isa = PBXGroup;
			children = (
				93E3E3DB212427E300B3419E /* LoginViewController.swift */,
				9388632C21340E6C007D42F8 /* CreateLoginViewController.swift */,
			);
			path = Login;
			sourceTree = "<group>";
		};
		9336E7A9213AB50C00A62070 /* Login */ = {
			isa = PBXGroup;
			children = (
				9336E7B1213AB58600A62070 /* CreateLoginRequest.swift */,
				9336E7B0213AB58600A62070 /* LoginRequest.swift */,
				9336E7B2213AB58600A62070 /* LoginSuccess.swift */,
			);
			path = Login;
			sourceTree = "<group>";
		};
		9336E7C821427B7800A62070 /* Error */ = {
			isa = PBXGroup;
			children = (
				9336E7CB21427BA000A62070 /* ErrorAssignment.swift */,
			);
			path = Error;
			sourceTree = "<group>";
		};
		9355B926212ECF7600453262 /* Factories */ = {
			isa = PBXGroup;
			children = (
				9355B929212ECF9300453262 /* TextViewFactory.swift */,
				9355B92C212ED20800453262 /* UIControlFactory.swift */,
			);
			path = Factories;
			sourceTree = "<group>";
		};
		93886333213420BC007D42F8 /* Generic */ = {
			isa = PBXGroup;
			children = (
				93886334213420E2007D42F8 /* UIBarButtonItemActionable.swift */,
			);
			path = Generic;
			sourceTree = "<group>";
		};
		93E3E3D02124210600B3419E /* State */ = {
			isa = PBXGroup;
			children = (
				93E3E3D4212422DD00B3419E /* AppContext.swift */,
				93E3E3D6212422FE00B3419E /* State.swift */,
				93E3E3D82124241900B3419E /* States */,
			);
			path = State;
			sourceTree = "<group>";
		};
		93E3E3D82124241900B3419E /* States */ = {
			isa = PBXGroup;
			children = (
				93E3E3DE21256F3A00B3419E /* Login.swift */,
				9355B930212EDB7800453262 /* CreateLogin.swift */,
				9355B933212EDFE000453262 /* ShowOwnAssignment.swift */,
				9336E79D213AB01900A62070 /* CreateAssignment.swift */,
				93F2FF8121493A040091AB56 /* DoAssignment.swift */,
			);
			path = States;
			sourceTree = "<group>";
		};
		93E3E3DA212427C300B3419E /* Views */ = {
			isa = PBXGroup;
			children = (
				93F2FF7E2147F62E0091AB56 /* Assignment */,
				9336E79F213AB0E800A62070 /* Login */,
				9336E7B8213EA2FC00A62070 /* BaseListViewController.swift */,
				93F2FF8321493E010091AB56 /* BaseLocationViewController.swift */,
				93EE04372108A86400005E61 /* ViewController.swift */,
			);
			path = Views;
			sourceTree = "<group>";
		};
		93E3E3E1212573D800B3419E /* Products */ = {
			isa = PBXGroup;
			children = (
				93E3E3E6212573D800B3419E /* SnapKit.framework */,
				93E3E3E8212573D800B3419E /* SnapKit Tests.xctest */,
			);
			name = Products;
			sourceTree = "<group>";
		};
		93EE04292108A86400005E61 = {
			isa = PBXGroup;
			children = (
				93EE04342108A86400005E61 /* Helper */,
				93EE04332108A86400005E61 /* Products */,
				93EE044F2108AB2400005E61 /* Frameworks */,
			);
			sourceTree = "<group>";
		};
		93EE04332108A86400005E61 /* Products */ = {
			isa = PBXGroup;
			children = (
				93EE04322108A86400005E61 /* Helper.app */,
			);
			name = Products;
			sourceTree = "<group>";
		};
		93EE04342108A86400005E61 /* Helper */ = {
			isa = PBXGroup;
			children = (
				93F2FF792147EC6D0091AB56 /* Location */,
				9336E7C821427B7800A62070 /* Error */,
				93EE04352108A86400005E61 /* AppDelegate.swift */,
				93E3E3D02124210600B3419E /* State */,
				93E3E3DA212427C300B3419E /* Views */,
				93EE06A5210B38DD00005E61 /* Protocols */,
				931728D9210F0D3C007F7F15 /* Network */,
				9355B926212ECF7600453262 /* Factories */,
				93EE04492108A8BA00005E61 /* Models */,
				936CF08D210B640000B7F559 /* TypeAlias.swift */,
				93886333213420BC007D42F8 /* Generic */,
				93EE04392108A86400005E61 /* Main.storyboard */,
				93EE043C2108A86500005E61 /* Assets.xcassets */,
				93EE043E2108A86500005E61 /* LaunchScreen.storyboard */,
				93EE04412108A86500005E61 /* Info.plist */,
				93E56494210DC46B003F6957 /* profile.png */,
			);
			path = Helper;
			sourceTree = "<group>";
		};
		93EE04492108A8BA00005E61 /* Models */ = {
			isa = PBXGroup;
			children = (
				9336E7A9213AB50C00A62070 /* Login */,
				9336E7BC213EA32500A62070 /* Listable.swift */,
				9385788C2117769C00AF2106 /* ModelNetworkHandler.swift */,
				936B7C812111B353009686F6 /* Helping.swift */,
				93B95D00210DB6C5007E57E4 /* Assignment.swift */,
				93B95CFD210DB6C4007E57E4 /* Location.swift */,
				93B95CFF210DB6C4007E57E4 /* Review.swift */,
				9322AFB2211B5A7D0014D068 /* Extensions */,
			);
			path = Models;
			sourceTree = "<group>";
		};
		93EE044F2108AB2400005E61 /* Frameworks */ = {
			isa = PBXGroup;
			children = (
				93E3E3E0212573D800B3419E /* SnapKit.xcodeproj */,
			);
			name = Frameworks;
			sourceTree = "<group>";
		};
		93EE06A5210B38DD00005E61 /* Protocols */ = {
			isa = PBXGroup;
			children = (
				93EE06A6210B38F200005E61 /* CodableImage.swift */,
				93E3E3D2212422A300B3419E /* ViewProvider.swift */,
				9355B937212EE1A600453262 /* ButtonClickedResponder.swift */,
				9388633121341F44007D42F8 /* AuthenticationViewResponder.swift */,
				9336E7C0213EAA5400A62070 /* AssignmentViewResponder.swift */,
			);
			path = Protocols;
			sourceTree = "<group>";
		};
		93F2FF792147EC6D0091AB56 /* Location */ = {
			isa = PBXGroup;
			children = (
				93F2FF7A2147ECCA0091AB56 /* LocationHandler.swift */,
			);
			path = Location;
			sourceTree = "<group>";
		};
		93F2FF7E2147F62E0091AB56 /* Assignment */ = {
			isa = PBXGroup;
			children = (
				9388633721352992007D42F8 /* AssignmentListTableViewController.swift */,
				93F2FF7C2147F6120091AB56 /* DoAssignmentListTableViewController.swift */,
				9336E799213AAFBB00A62070 /* CreateAssignmentViewController.swift */,
			);
			path = Assignment;
			sourceTree = "<group>";
		};
/* End PBXGroup section */

/* Begin PBXNativeTarget section */
		93EE04312108A86400005E61 /* Helper */ = {
			isa = PBXNativeTarget;
			buildConfigurationList = 93EE04442108A86500005E61 /* Build configuration list for PBXNativeTarget "Helper" */;
			buildPhases = (
				93EE042E2108A86400005E61 /* Sources */,
				93EE042F2108A86400005E61 /* Frameworks */,
				93EE04302108A86400005E61 /* Resources */,
				93F2FF782147E6DB0091AB56 /* Embed Frameworks */,
			);
			buildRules = (
			);
			dependencies = (
				93F2FF772147E6DB0091AB56 /* PBXTargetDependency */,
			);
			name = Helper;
			productName = Helper;
			productReference = 93EE04322108A86400005E61 /* Helper.app */;
			productType = "com.apple.product-type.application";
		};
/* End PBXNativeTarget section */

/* Begin PBXProject section */
		93EE042A2108A86400005E61 /* Project object */ = {
			isa = PBXProject;
			attributes = {
				LastSwiftUpdateCheck = 0940;
				LastUpgradeCheck = 0940;
				ORGANIZATIONNAME = "Tørk Egeberg";
				TargetAttributes = {
					93EE04312108A86400005E61 = {
						CreatedOnToolsVersion = 9.4.1;
					};
				};
			};
			buildConfigurationList = 93EE042D2108A86400005E61 /* Build configuration list for PBXProject "Helper" */;
			compatibilityVersion = "Xcode 9.3";
			developmentRegion = en;
			hasScannedForEncodings = 0;
			knownRegions = (
				en,
				Base,
			);
			mainGroup = 93EE04292108A86400005E61;
			productRefGroup = 93EE04332108A86400005E61 /* Products */;
			projectDirPath = "";
			projectReferences = (
				{
					ProductGroup = 93E3E3E1212573D800B3419E /* Products */;
					ProjectRef = 93E3E3E0212573D800B3419E /* SnapKit.xcodeproj */;
				},
			);
			projectRoot = "";
			targets = (
				93EE04312108A86400005E61 /* Helper */,
			);
		};
/* End PBXProject section */

/* Begin PBXReferenceProxy section */
		93E3E3E6212573D800B3419E /* SnapKit.framework */ = {
			isa = PBXReferenceProxy;
			fileType = wrapper.framework;
			path = SnapKit.framework;
			remoteRef = 93E3E3E5212573D800B3419E /* PBXContainerItemProxy */;
			sourceTree = BUILT_PRODUCTS_DIR;
		};
		93E3E3E8212573D800B3419E /* SnapKit Tests.xctest */ = {
			isa = PBXReferenceProxy;
			fileType = wrapper.cfbundle;
			path = "SnapKit Tests.xctest";
			remoteRef = 93E3E3E7212573D800B3419E /* PBXContainerItemProxy */;
			sourceTree = BUILT_PRODUCTS_DIR;
		};
/* End PBXReferenceProxy section */

/* Begin PBXResourcesBuildPhase section */
		93EE04302108A86400005E61 /* Resources */ = {
			isa = PBXResourcesBuildPhase;
			buildActionMask = 2147483647;
			files = (
				93EE04402108A86500005E61 /* LaunchScreen.storyboard in Resources */,
				93EE043D2108A86500005E61 /* Assets.xcassets in Resources */,
				93E56495210DC46B003F6957 /* profile.png in Resources */,
				93EE043B2108A86400005E61 /* Main.storyboard in Resources */,
			);
			runOnlyForDeploymentPostprocessing = 0;
		};
/* End PBXResourcesBuildPhase section */

/* Begin PBXSourcesBuildPhase section */
		93EE042E2108A86400005E61 /* Sources */ = {
			isa = PBXSourcesBuildPhase;
			buildActionMask = 2147483647;
			files = (
				93E3E3DF21256F3A00B3419E /* Login.swift in Sources */,
				936B7C8B2111B3B2009686F6 /* NetworkHandler.swift in Sources */,
				93B95D04210DB6C5007E57E4 /* Assignment.swift in Sources */,
				9388633821352992007D42F8 /* AssignmentListTableViewController.swift in Sources */,
				9336E7B9213EA2FC00A62070 /* BaseListViewController.swift in Sources */,
				93EE04382108A86400005E61 /* ViewController.swift in Sources */,
				9336E7BD213EA32500A62070 /* Listable.swift in Sources */,
				93886335213420E2007D42F8 /* UIBarButtonItemActionable.swift in Sources */,
				936B7C822111B353009686F6 /* Helping.swift in Sources */,
				93F2FF8421493E010091AB56 /* BaseLocationViewController.swift in Sources */,
				9355B92D212ED20800453262 /* UIControlFactory.swift in Sources */,
				9355B92A212ECF9300453262 /* TextViewFactory.swift in Sources */,
				9336E7B4213AB58600A62070 /* CreateLoginRequest.swift in Sources */,
				93B95D03210DB6C5007E57E4 /* Review.swift in Sources */,
				9388633221341F44007D42F8 /* AuthenticationViewResponder.swift in Sources */,
				93F2FF7B2147ECCA0091AB56 /* LocationHandler.swift in Sources */,
				9355B934212EDFE000453262 /* ShowOwnAssignment.swift in Sources */,
				936CF08E210B640000B7F559 /* TypeAlias.swift in Sources */,
				93E3E3D5212422DD00B3419E /* AppContext.swift in Sources */,
				93E3E3DC212427E300B3419E /* LoginViewController.swift in Sources */,
				93EE06A7210B38F200005E61 /* CodableImage.swift in Sources */,
				9388632D21340E6C007D42F8 /* CreateLoginViewController.swift in Sources */,
				93F2FF8221493A040091AB56 /* DoAssignment.swift in Sources */,
				936B7C842111B369009686F6 /* Result.swift in Sources */,
				93E3E3D7212422FE00B3419E /* State.swift in Sources */,
				9336E7C1213EAA5400A62070 /* AssignmentViewResponder.swift in Sources */,
				93EE04362108A86400005E61 /* AppDelegate.swift in Sources */,
				9385788D2117769C00AF2106 /* ModelNetworkHandler.swift in Sources */,
				93F2FF7D2147F6120091AB56 /* DoAssignmentListTableViewController.swift in Sources */,
				93E3E3D3212422A300B3419E /* ViewProvider.swift in Sources */,
				9336E7CC21427BA000A62070 /* ErrorAssignment.swift in Sources */,
				93B95D01210DB6C5007E57E4 /* Location.swift in Sources */,
				936B7C892111B3A1009686F6 /* NetworkError.swift in Sources */,
				9336E79A213AAFBB00A62070 /* CreateAssignmentViewController.swift in Sources */,
				9387A5C9211D7F9E00830EDB /* NetworkHandlerAuth.swift in Sources */,
				9355B938212EE1A600453262 /* ButtonClickedResponder.swift in Sources */,
				9355B931212EDB7800453262 /* CreateLogin.swift in Sources */,
				936B7C872111B381009686F6 /* ServerError.swift in Sources */,
				9336E7B5213AB58600A62070 /* LoginSuccess.swift in Sources */,
				9336E79E213AB01900A62070 /* CreateAssignment.swift in Sources */,
				9336E7B3213AB58600A62070 /* LoginRequest.swift in Sources */,
			);
			runOnlyForDeploymentPostprocessing = 0;
		};
/* End PBXSourcesBuildPhase section */

/* Begin PBXTargetDependency section */
		93F2FF772147E6DB0091AB56 /* PBXTargetDependency */ = {
			isa = PBXTargetDependency;
			name = SnapKit;
			targetProxy = 93F2FF762147E6DB0091AB56 /* PBXContainerItemProxy */;
		};
/* End PBXTargetDependency section */

/* Begin PBXVariantGroup section */
		93EE04392108A86400005E61 /* Main.storyboard */ = {
			isa = PBXVariantGroup;
			children = (
				93EE043A2108A86400005E61 /* Base */,
			);
			name = Main.storyboard;
			sourceTree = "<group>";
		};
		93EE043E2108A86500005E61 /* LaunchScreen.storyboard */ = {
			isa = PBXVariantGroup;
			children = (
				93EE043F2108A86500005E61 /* Base */,
			);
			name = LaunchScreen.storyboard;
			sourceTree = "<group>";
		};
/* End PBXVariantGroup section */

/* Begin XCBuildConfiguration section */
		93EE04422108A86500005E61 /* Debug */ = {
			isa = XCBuildConfiguration;
			buildSettings = {
				ALWAYS_SEARCH_USER_PATHS = NO;
				CLANG_ANALYZER_NONNULL = YES;
				CLANG_ANALYZER_NUMBER_OBJECT_CONVERSION = YES_AGGRESSIVE;
				CLANG_CXX_LANGUAGE_STANDARD = "gnu++14";
				CLANG_CXX_LIBRARY = "libc++";
				CLANG_ENABLE_MODULES = YES;
				CLANG_ENABLE_OBJC_ARC = YES;
				CLANG_ENABLE_OBJC_WEAK = YES;
				CLANG_WARN_BLOCK_CAPTURE_AUTORELEASING = YES;
				CLANG_WARN_BOOL_CONVERSION = YES;
				CLANG_WARN_COMMA = YES;
				CLANG_WARN_CONSTANT_CONVERSION = YES;
				CLANG_WARN_DEPRECATED_OBJC_IMPLEMENTATIONS = YES;
				CLANG_WARN_DIRECT_OBJC_ISA_USAGE = YES_ERROR;
				CLANG_WARN_DOCUMENTATION_COMMENTS = YES;
				CLANG_WARN_EMPTY_BODY = YES;
				CLANG_WARN_ENUM_CONVERSION = YES;
				CLANG_WARN_INFINITE_RECURSION = YES;
				CLANG_WARN_INT_CONVERSION = YES;
				CLANG_WARN_NON_LITERAL_NULL_CONVERSION = YES;
				CLANG_WARN_OBJC_IMPLICIT_RETAIN_SELF = YES;
				CLANG_WARN_OBJC_LITERAL_CONVERSION = YES;
				CLANG_WARN_OBJC_ROOT_CLASS = YES_ERROR;
				CLANG_WARN_RANGE_LOOP_ANALYSIS = YES;
				CLANG_WARN_STRICT_PROTOTYPES = YES;
				CLANG_WARN_SUSPICIOUS_MOVE = YES;
				CLANG_WARN_UNGUARDED_AVAILABILITY = YES_AGGRESSIVE;
				CLANG_WARN_UNREACHABLE_CODE = YES;
				CLANG_WARN__DUPLICATE_METHOD_MATCH = YES;
				CODE_SIGN_IDENTITY = "iPhone Developer";
				COPY_PHASE_STRIP = NO;
				DEBUG_INFORMATION_FORMAT = dwarf;
				ENABLE_STRICT_OBJC_MSGSEND = YES;
				ENABLE_TESTABILITY = YES;
				GCC_C_LANGUAGE_STANDARD = gnu11;
				GCC_DYNAMIC_NO_PIC = NO;
				GCC_NO_COMMON_BLOCKS = YES;
				GCC_OPTIMIZATION_LEVEL = 0;
				GCC_PREPROCESSOR_DEFINITIONS = (
					"DEBUG=1",
					"$(inherited)",
				);
				GCC_WARN_64_TO_32_BIT_CONVERSION = YES;
				GCC_WARN_ABOUT_RETURN_TYPE = YES_ERROR;
				GCC_WARN_UNDECLARED_SELECTOR = YES;
				GCC_WARN_UNINITIALIZED_AUTOS = YES_AGGRESSIVE;
				GCC_WARN_UNUSED_FUNCTION = YES;
				GCC_WARN_UNUSED_VARIABLE = YES;
				IPHONEOS_DEPLOYMENT_TARGET = 11.4;
				MTL_ENABLE_DEBUG_INFO = YES;
				ONLY_ACTIVE_ARCH = YES;
				SDKROOT = iphoneos;
				SWIFT_ACTIVE_COMPILATION_CONDITIONS = DEBUG;
				SWIFT_OPTIMIZATION_LEVEL = "-Onone";
			};
			name = Debug;
		};
		93EE04432108A86500005E61 /* Release */ = {
			isa = XCBuildConfiguration;
			buildSettings = {
				ALWAYS_SEARCH_USER_PATHS = NO;
				CLANG_ANALYZER_NONNULL = YES;
				CLANG_ANALYZER_NUMBER_OBJECT_CONVERSION = YES_AGGRESSIVE;
				CLANG_CXX_LANGUAGE_STANDARD = "gnu++14";
				CLANG_CXX_LIBRARY = "libc++";
				CLANG_ENABLE_MODULES = YES;
				CLANG_ENABLE_OBJC_ARC = YES;
				CLANG_ENABLE_OBJC_WEAK = YES;
				CLANG_WARN_BLOCK_CAPTURE_AUTORELEASING = YES;
				CLANG_WARN_BOOL_CONVERSION = YES;
				CLANG_WARN_COMMA = YES;
				CLANG_WARN_CONSTANT_CONVERSION = YES;
				CLANG_WARN_DEPRECATED_OBJC_IMPLEMENTATIONS = YES;
				CLANG_WARN_DIRECT_OBJC_ISA_USAGE = YES_ERROR;
				CLANG_WARN_DOCUMENTATION_COMMENTS = YES;
				CLANG_WARN_EMPTY_BODY = YES;
				CLANG_WARN_ENUM_CONVERSION = YES;
				CLANG_WARN_INFINITE_RECURSION = YES;
				CLANG_WARN_INT_CONVERSION = YES;
				CLANG_WARN_NON_LITERAL_NULL_CONVERSION = YES;
				CLANG_WARN_OBJC_IMPLICIT_RETAIN_SELF = YES;
				CLANG_WARN_OBJC_LITERAL_CONVERSION = YES;
				CLANG_WARN_OBJC_ROOT_CLASS = YES_ERROR;
				CLANG_WARN_RANGE_LOOP_ANALYSIS = YES;
				CLANG_WARN_STRICT_PROTOTYPES = YES;
				CLANG_WARN_SUSPICIOUS_MOVE = YES;
				CLANG_WARN_UNGUARDED_AVAILABILITY = YES_AGGRESSIVE;
				CLANG_WARN_UNREACHABLE_CODE = YES;
				CLANG_WARN__DUPLICATE_METHOD_MATCH = YES;
				CODE_SIGN_IDENTITY = "iPhone Developer";
				COPY_PHASE_STRIP = NO;
				DEBUG_INFORMATION_FORMAT = "dwarf-with-dsym";
				ENABLE_NS_ASSERTIONS = NO;
				ENABLE_STRICT_OBJC_MSGSEND = YES;
				GCC_C_LANGUAGE_STANDARD = gnu11;
				GCC_NO_COMMON_BLOCKS = YES;
				GCC_WARN_64_TO_32_BIT_CONVERSION = YES;
				GCC_WARN_ABOUT_RETURN_TYPE = YES_ERROR;
				GCC_WARN_UNDECLARED_SELECTOR = YES;
				GCC_WARN_UNINITIALIZED_AUTOS = YES_AGGRESSIVE;
				GCC_WARN_UNUSED_FUNCTION = YES;
				GCC_WARN_UNUSED_VARIABLE = YES;
				IPHONEOS_DEPLOYMENT_TARGET = 11.4;
				MTL_ENABLE_DEBUG_INFO = NO;
				SDKROOT = iphoneos;
				SWIFT_COMPILATION_MODE = wholemodule;
				SWIFT_OPTIMIZATION_LEVEL = "-O";
				VALIDATE_PRODUCT = YES;
			};
			name = Release;
		};
		93EE04452108A86500005E61 /* Debug */ = {
			isa = XCBuildConfiguration;
			buildSettings = {
				ALWAYS_EMBED_SWIFT_STANDARD_LIBRARIES = YES;
				ASSETCATALOG_COMPILER_APPICON_NAME = AppIcon;
				CODE_SIGN_STYLE = Automatic;
				DEVELOPMENT_TEAM = 43VK6D6P6Y;
				INFOPLIST_FILE = Helper/Info.plist;
				LD_RUNPATH_SEARCH_PATHS = (
					"$(inherited)",
					"@executable_path/Frameworks",
				);
				PRODUCT_BUNDLE_IDENTIFIER = com.TBE.Helper;
				PRODUCT_NAME = "$(TARGET_NAME)";
				SWIFT_VERSION = 4.0;
				TARGETED_DEVICE_FAMILY = "1,2";
			};
			name = Debug;
		};
		93EE04462108A86500005E61 /* Release */ = {
			isa = XCBuildConfiguration;
			buildSettings = {
				ALWAYS_EMBED_SWIFT_STANDARD_LIBRARIES = YES;
				ASSETCATALOG_COMPILER_APPICON_NAME = AppIcon;
				CODE_SIGN_STYLE = Automatic;
				DEVELOPMENT_TEAM = 43VK6D6P6Y;
				INFOPLIST_FILE = Helper/Info.plist;
				LD_RUNPATH_SEARCH_PATHS = (
					"$(inherited)",
					"@executable_path/Frameworks",
				);
				PRODUCT_BUNDLE_IDENTIFIER = com.TBE.Helper;
				PRODUCT_NAME = "$(TARGET_NAME)";
				SWIFT_VERSION = 4.0;
				TARGETED_DEVICE_FAMILY = "1,2";
			};
			name = Release;
		};
/* End XCBuildConfiguration section */

/* Begin XCConfigurationList section */
		93EE042D2108A86400005E61 /* Build configuration list for PBXProject "Helper" */ = {
			isa = XCConfigurationList;
			buildConfigurations = (
				93EE04422108A86500005E61 /* Debug */,
				93EE04432108A86500005E61 /* Release */,
			);
			defaultConfigurationIsVisible = 0;
			defaultConfigurationName = Release;
		};
		93EE04442108A86500005E61 /* Build configuration list for PBXNativeTarget "Helper" */ = {
			isa = XCConfigurationList;
			buildConfigurations = (
				93EE04452108A86500005E61 /* Debug */,
				93EE04462108A86500005E61 /* Release */,
			);
			defaultConfigurationIsVisible = 0;
			defaultConfigurationName = Release;
		};
/* End XCConfigurationList section */
	};
	rootObject = 93EE042A2108A86400005E61 /* Project object */;
}
